// !$*UTF8*$!
{
	archiveVersion = 1;
	classes = {
	};
	objectVersion = 50;
	objects = {

/* Begin PBXBuildFile section */
		BC62CD5D24AE835600C778DB /* FontViewerApp.swift in Sources */ = {isa = PBXBuildFile; fileRef = BC62CD5C24AE835600C778DB /* FontViewerApp.swift */; };
		BC62CD5F24AE835600C778DB /* ContentView.swift in Sources */ = {isa = PBXBuildFile; fileRef = BC62CD5E24AE835600C778DB /* ContentView.swift */; };
		BC62CD6124AE835900C778DB /* Assets.xcassets in Resources */ = {isa = PBXBuildFile; fileRef = BC62CD6024AE835900C778DB /* Assets.xcassets */; };
		BC62CD6424AE835900C778DB /* Preview Assets.xcassets in Resources */ = {isa = PBXBuildFile; fileRef = BC62CD6324AE835900C778DB /* Preview Assets.xcassets */; };
		BC62CD6C24AE83A400C778DB /* ContentViewModel.swift in Sources */ = {isa = PBXBuildFile; fileRef = BC62CD6B24AE83A400C778DB /* ContentViewModel.swift */; };
		BC62CD6E24AE918600C778DB /* FontListItemView.swift in Sources */ = {isa = PBXBuildFile; fileRef = BC62CD6D24AE918600C778DB /* FontListItemView.swift */; };
		BC62CD7024AEAEA000C778DB /* FontDetailView.swift in Sources */ = {isa = PBXBuildFile; fileRef = BC62CD6F24AEAEA000C778DB /* FontDetailView.swift */; };
/* End PBXBuildFile section */

/* Begin PBXFileReference section */
		BC62CD5924AE835600C778DB /* font-viewer.app */ = {isa = PBXFileReference; explicitFileType = wrapper.application; includeInIndex = 0; path = "font-viewer.app"; sourceTree = BUILT_PRODUCTS_DIR; };
		BC62CD5C24AE835600C778DB /* FontViewerApp.swift */ = {isa = PBXFileReference; lastKnownFileType = sourcecode.swift; path = FontViewerApp.swift; sourceTree = "<group>"; };
		BC62CD5E24AE835600C778DB /* ContentView.swift */ = {isa = PBXFileReference; lastKnownFileType = sourcecode.swift; path = ContentView.swift; sourceTree = "<group>"; };
		BC62CD6024AE835900C778DB /* Assets.xcassets */ = {isa = PBXFileReference; lastKnownFileType = folder.assetcatalog; path = Assets.xcassets; sourceTree = "<group>"; };
		BC62CD6324AE835900C778DB /* Preview Assets.xcassets */ = {isa = PBXFileReference; lastKnownFileType = folder.assetcatalog; path = "Preview Assets.xcassets"; sourceTree = "<group>"; };
		BC62CD6524AE835900C778DB /* Info.plist */ = {isa = PBXFileReference; lastKnownFileType = text.plist.xml; path = Info.plist; sourceTree = "<group>"; };
		BC62CD6B24AE83A400C778DB /* ContentViewModel.swift */ = {isa = PBXFileReference; lastKnownFileType = sourcecode.swift; path = ContentViewModel.swift; sourceTree = "<group>"; };
		BC62CD6D24AE918600C778DB /* FontListItemView.swift */ = {isa = PBXFileReference; lastKnownFileType = sourcecode.swift; path = FontListItemView.swift; sourceTree = "<group>"; };
		BC62CD6F24AEAEA000C778DB /* FontDetailView.swift */ = {isa = PBXFileReference; lastKnownFileType = sourcecode.swift; path = FontDetailView.swift; sourceTree = "<group>"; };
/* End PBXFileReference section */

/* Begin PBXFrameworksBuildPhase section */
		BC62CD5624AE835600C778DB /* Frameworks */ = {
			isa = PBXFrameworksBuildPhase;
			buildActionMask = 2147483647;
			files = (
			);
			runOnlyForDeploymentPostprocessing = 0;
		};
/* End PBXFrameworksBuildPhase section */

/* Begin PBXGroup section */
		BC62CD5024AE835600C778DB = {
			isa = PBXGroup;
			children = (
				BC62CD5B24AE835600C778DB /* font-viewer */,
				BC62CD5A24AE835600C778DB /* Products */,
			);
			sourceTree = "<group>";
		};
		BC62CD5A24AE835600C778DB /* Products */ = {
			isa = PBXGroup;
			children = (
				BC62CD5924AE835600C778DB /* font-viewer.app */,
			);
			name = Products;
			sourceTree = "<group>";
		};
		BC62CD5B24AE835600C778DB /* font-viewer */ = {
			isa = PBXGroup;
			children = (
				BC62CD5C24AE835600C778DB /* FontViewerApp.swift */,
				BC62CD5E24AE835600C778DB /* ContentView.swift */,
				BC62CD6F24AEAEA000C778DB /* FontDetailView.swift */,
				BC62CD6D24AE918600C778DB /* FontListItemView.swift */,
				BC62CD6B24AE83A400C778DB /* ContentViewModel.swift */,
				BC62CD6024AE835900C778DB /* Assets.xcassets */,
				BC62CD6524AE835900C778DB /* Info.plist */,
				BC62CD6224AE835900C778DB /* Preview Content */,
			);
			path = "font-viewer";
			sourceTree = "<group>";
		};
		BC62CD6224AE835900C778DB /* Preview Content */ = {
			isa = PBXGroup;
			children = (
				BC62CD6324AE835900C778DB /* Preview Assets.xcassets */,
			);
			path = "Preview Content";
			sourceTree = "<group>";
		};
/* End PBXGroup section */

/* Begin PBXNativeTarget section */
		BC62CD5824AE835600C778DB /* font-viewer */ = {
			isa = PBXNativeTarget;
			buildConfigurationList = BC62CD6824AE835900C778DB /* Build configuration list for PBXNativeTarget "font-viewer" */;
			buildPhases = (
				BC62CD5524AE835600C778DB /* Sources */,
				BC62CD5624AE835600C778DB /* Frameworks */,
				BC62CD5724AE835600C778DB /* Resources */,
			);
			buildRules = (
			);
			dependencies = (
			);
			name = "font-viewer";
			productName = "font-viewer";
			productReference = BC62CD5924AE835600C778DB /* font-viewer.app */;
			productType = "com.apple.product-type.application";
		};
/* End PBXNativeTarget section */

/* Begin PBXProject section */
		BC62CD5124AE835600C778DB /* Project object */ = {
			isa = PBXProject;
			attributes = {
				LastSwiftUpdateCheck = 1200;
				LastUpgradeCheck = 1200;
				TargetAttributes = {
					BC62CD5824AE835600C778DB = {
						CreatedOnToolsVersion = 12.0;
					};
				};
			};
			buildConfigurationList = BC62CD5424AE835600C778DB /* Build configuration list for PBXProject "font-viewer" */;
			compatibilityVersion = "Xcode 9.3";
			developmentRegion = en;
			hasScannedForEncodings = 0;
			knownRegions = (
				en,
				Base,
			);
			mainGroup = BC62CD5024AE835600C778DB;
			productRefGroup = BC62CD5A24AE835600C778DB /* Products */;
			projectDirPath = "";
			projectRoot = "";
			targets = (
				BC62CD5824AE835600C778DB /* font-viewer */,
			);
		};
/* End PBXProject section */

/* Begin PBXResourcesBuildPhase section */
		BC62CD5724AE835600C778DB /* Resources */ = {
			isa = PBXResourcesBuildPhase;
			buildActionMask = 2147483647;
			files = (
				BC62CD6424AE835900C778DB /* Preview Assets.xcassets in Resources */,
				BC62CD6124AE835900C778DB /* Assets.xcassets in Resources */,
			);
			runOnlyForDeploymentPostprocessing = 0;
		};
/* End PBXResourcesBuildPhase section */

/* Begin PBXSourcesBuildPhase section */
		BC62CD5524AE835600C778DB /* Sources */ = {
			isa = PBXSourcesBuildPhase;
			buildActionMask = 2147483647;
			files = (
				BC62CD5F24AE835600C778DB /* ContentView.swift in Sources */,
				BC62CD7024AEAEA000C778DB /* FontDetailView.swift in Sources */,
				BC62CD5D24AE835600C778DB /* FontViewerApp.swift in Sources */,
				BC62CD6E24AE918600C778DB /* FontListItemView.swift in Sources */,
				BC62CD6C24AE83A400C778DB /* ContentViewModel.swift in Sources */,
			);
			runOnlyForDeploymentPostprocessing = 0;
		};
/* End PBXSourcesBuildPhase section */

/* Begin XCBuildConfiguration section */
		BC62CD6624AE835900C778DB /* Debug */ = {
			isa = XCBuildConfiguration;
			buildSettings = {
				ALWAYS_SEARCH_USER_PATHS = NO;
				CLANG_ANALYZER_NONNULL = YES;
				CLANG_ANALYZER_NUMBER_OBJECT_CONVERSION = YES_AGGRESSIVE;
				CLANG_CXX_LANGUAGE_STANDARD = "gnu++14";
				CLANG_CXX_LIBRARY = "libc++";
				CLANG_ENABLE_MODULES = YES;
				CLANG_ENABLE_OBJC_ARC = YES;
				CLANG_ENABLE_OBJC_WEAK = YES;
				CLANG_WARN_BLOCK_CAPTURE_AUTORELEASING = YES;
				CLANG_WARN_BOOL_CONVERSION = YES;
				CLANG_WARN_COMMA = YES;
				CLANG_WARN_CONSTANT_CONVERSION = YES;
				CLANG_WARN_DEPRECATED_OBJC_IMPLEMENTATIONS = YES;
				CLANG_WARN_DIRECT_OBJC_ISA_USAGE = YES_ERROR;
				CLANG_WARN_DOCUMENTATION_COMMENTS = YES;
				CLANG_WARN_EMPTY_BODY = YES;
				CLANG_WARN_ENUM_CONVERSION = YES;
				CLANG_WARN_INFINITE_RECURSION = YES;
				CLANG_WARN_INT_CONVERSION = YES;
				CLANG_WARN_NON_LITERAL_NULL_CONVERSION = YES;
				CLANG_WARN_OBJC_IMPLICIT_RETAIN_SELF = YES;
				CLANG_WARN_OBJC_LITERAL_CONVERSION = YES;
				CLANG_WARN_OBJC_ROOT_CLASS = YES_ERROR;
				CLANG_WARN_QUOTED_INCLUDE_IN_FRAMEWORK_HEADER = YES;
				CLANG_WARN_RANGE_LOOP_ANALYSIS = YES;
				CLANG_WARN_STRICT_PROTOTYPES = YES;
				CLANG_WARN_SUSPICIOUS_MOVE = YES;
				CLANG_WARN_UNGUARDED_AVAILABILITY = YES_AGGRESSIVE;
				CLANG_WARN_UNREACHABLE_CODE = YES;
				CLANG_WARN__DUPLICATE_METHOD_MATCH = YES;
				COPY_PHASE_STRIP = NO;
				DEBUG_INFORMATION_FORMAT = dwarf;
				ENABLE_STRICT_OBJC_MSGSEND = YES;
				ENABLE_TESTABILITY = YES;
				GCC_C_LANGUAGE_STANDARD = gnu11;
				GCC_DYNAMIC_NO_PIC = NO;
				GCC_NO_COMMON_BLOCKS = YES;
				GCC_OPTIMIZATION_LEVEL = 0;
				GCC_PREPROCESSOR_DEFINITIONS = (
					"DEBUG=1",
					"$(inherited)",
				);
				GCC_WARN_64_TO_32_BIT_CONVERSION = YES;
				GCC_WARN_ABOUT_RETURN_TYPE = YES_ERROR;
				GCC_WARN_UNDECLARED_SELECTOR = YES;
				GCC_WARN_UNINITIALIZED_AUTOS = YES_AGGRESSIVE;
				GCC_WARN_UNUSED_FUNCTION = YES;
				GCC_WARN_UNUSED_VARIABLE = YES;
				IPHONEOS_DEPLOYMENT_TARGET = 14.0;
				MTL_ENABLE_DEBUG_INFO = INCLUDE_SOURCE;
				MTL_FAST_MATH = YES;
				ONLY_ACTIVE_ARCH = YES;
				SDKROOT = iphoneos;
				SWIFT_ACTIVE_COMPILATION_CONDITIONS = DEBUG;
				SWIFT_OPTIMIZATION_LEVEL = "-Onone";
			};
			name = Debug;
		};
		BC62CD6724AE835900C778DB /* Release */ = {
			isa = XCBuildConfiguration;
			buildSettings = {
				ALWAYS_SEARCH_USER_PATHS = NO;
				CLANG_ANALYZER_NONNULL = YES;
				CLANG_ANALYZER_NUMBER_OBJECT_CONVERSION = YES_AGGRESSIVE;
				CLANG_CXX_LANGUAGE_STANDARD = "gnu++14";
				CLANG_CXX_LIBRARY = "libc++";
				CLANG_ENABLE_MODULES = YES;
				CLANG_ENABLE_OBJC_ARC = YES;
				CLANG_ENABLE_OBJC_WEAK = YES;
				CLANG_WARN_BLOCK_CAPTURE_AUTORELEASING = YES;
				CLANG_WARN_BOOL_CONVERSION = YES;
				CLANG_WARN_COMMA = YES;
				CLANG_WARN_CONSTANT_CONVERSION = YES;
				CLANG_WARN_DEPRECATED_OBJC_IMPLEMENTATIONS = YES;
				CLANG_WARN_DIRECT_OBJC_ISA_USAGE = YES_ERROR;
				CLANG_WARN_DOCUMENTATION_COMMENTS = YES;
				CLANG_WARN_EMPTY_BODY = YES;
				CLANG_WARN_ENUM_CONVERSION = YES;
				CLANG_WARN_INFINITE_RECURSION = YES;
				CLANG_WARN_INT_CONVERSION = YES;
				CLANG_WARN_NON_LITERAL_NULL_CONVERSION = YES;
				CLANG_WARN_OBJC_IMPLICIT_RETAIN_SELF = YES;
				CLANG_WARN_OBJC_LITERAL_CONVERSION = YES;
				CLANG_WARN_OBJC_ROOT_CLASS = YES_ERROR;
				CLANG_WARN_QUOTED_INCLUDE_IN_FRAMEWORK_HEADER = YES;
				CLANG_WARN_RANGE_LOOP_ANALYSIS = YES;
				CLANG_WARN_STRICT_PROTOTYPES = YES;
				CLANG_WARN_SUSPICIOUS_MOVE = YES;
				CLANG_WARN_UNGUARDED_AVAILABILITY = YES_AGGRESSIVE;
				CLANG_WARN_UNREACHABLE_CODE = YES;
				CLANG_WARN__DUPLICATE_METHOD_MATCH = YES;
				COPY_PHASE_STRIP = NO;
				DEBUG_INFORMATION_FORMAT = "dwarf-with-dsym";
				ENABLE_NS_ASSERTIONS = NO;
				ENABLE_STRICT_OBJC_MSGSEND = YES;
				GCC_C_LANGUAGE_STANDARD = gnu11;
				GCC_NO_COMMON_BLOCKS = YES;
				GCC_WARN_64_TO_32_BIT_CONVERSION = YES;
				GCC_WARN_ABOUT_RETURN_TYPE = YES_ERROR;
				GCC_WARN_UNDECLARED_SELECTOR = YES;
				GCC_WARN_UNINITIALIZED_AUTOS = YES_AGGRESSIVE;
				GCC_WARN_UNUSED_FUNCTION = YES;
				GCC_WARN_UNUSED_VARIABLE = YES;
				IPHONEOS_DEPLOYMENT_TARGET = 14.0;
				MTL_ENABLE_DEBUG_INFO = NO;
				MTL_FAST_MATH = YES;
				SDKROOT = iphoneos;
				SWIFT_COMPILATION_MODE = wholemodule;
				SWIFT_OPTIMIZATION_LEVEL = "-O";
				VALIDATE_PRODUCT = YES;
			};
			name = Release;
		};
		BC62CD6924AE835900C778DB /* Debug */ = {
			isa = XCBuildConfiguration;
			buildSettings = {
				ASSETCATALOG_COMPILER_APPICON_NAME = AppIcon;
				ASSETCATALOG_COMPILER_GLOBAL_ACCENT_COLOR_NAME = AccentColor;
				CODE_SIGN_STYLE = Automatic;
				DEVELOPMENT_ASSET_PATHS = "\"font-viewer/Preview Content\"";
				DEVELOPMENT_TEAM = 6VVBUBU9QC;
				ENABLE_PREVIEWS = YES;
				INFOPLIST_FILE = "font-viewer/Info.plist";
				IPHONEOS_DEPLOYMENT_TARGET = 14.0;
				LD_RUNPATH_SEARCH_PATHS = (
					"$(inherited)",
					"@executable_path/Frameworks",
				);
				PRODUCT_BUNDLE_IDENTIFIER = "com.hairlessape.font-viewer";
				PRODUCT_NAME = "$(TARGET_NAME)";
				SWIFT_VERSION = 5.0;
				TARGETED_DEVICE_FAMILY = "1,2";
			};
			name = Debug;
		};
		BC62CD6A24AE835900C778DB /* Release */ = {
			isa = XCBuildConfiguration;
			buildSettings = {
				ASSETCATALOG_COMPILER_APPICON_NAME = AppIcon;
				ASSETCATALOG_COMPILER_GLOBAL_ACCENT_COLOR_NAME = AccentColor;
				CODE_SIGN_STYLE = Automatic;
				DEVELOPMENT_ASSET_PATHS = "\"font-viewer/Preview Content\"";
				DEVELOPMENT_TEAM = 6VVBUBU9QC;
				ENABLE_PREVIEWS = YES;
				INFOPLIST_FILE = "font-viewer/Info.plist";
				IPHONEOS_DEPLOYMENT_TARGET = 14.0;
				LD_RUNPATH_SEARCH_PATHS = (
					"$(inherited)",
					"@executable_path/Frameworks",
				);
				PRODUCT_BUNDLE_IDENTIFIER = "com.hairlessape.font-viewer";
				PRODUCT_NAME = "$(TARGET_NAME)";
				SWIFT_VERSION = 5.0;
				TARGETED_DEVICE_FAMILY = "1,2";
			};
			name = Release;
		};
/* End XCBuildConfiguration section */

/* Begin XCConfigurationList section */
		BC62CD5424AE835600C778DB /* Build configuration list for PBXProject "font-viewer" */ = {
			isa = XCConfigurationList;
			buildConfigurations = (
				BC62CD6624AE835900C778DB /* Debug */,
				BC62CD6724AE835900C778DB /* Release */,
			);
			defaultConfigurationIsVisible = 0;
			defaultConfigurationName = Release;
		};
		BC62CD6824AE835900C778DB /* Build configuration list for PBXNativeTarget "font-viewer" */ = {
			isa = XCConfigurationList;
			buildConfigurations = (
				BC62CD6924AE835900C778DB /* Debug */,
				BC62CD6A24AE835900C778DB /* Release */,
			);
			defaultConfigurationIsVisible = 0;
			defaultConfigurationName = Release;
		};
/* End XCConfigurationList section */
	};
	rootObject = BC62CD5124AE835600C778DB /* Project object */;
}
